PODS:
  - EarlGrey (1.11.0)
  - SliderController (1.0)

DEPENDENCIES:
  - EarlGrey
  - SliderController (from `./`)

EXTERNAL SOURCES:
  SliderController:
    :path: "./"

SPEC CHECKSUMS:
  EarlGrey: 7515b05c7f448374ad7ca2c454f3ea566fcb1a2f
  SliderController: cb6b89e10b3a3dd08d324b8da8137935756ebd1f

PODFILE CHECKSUM: c2aaa5d38476dd04d9ba52d0b982961a572eb8a1

COCOAPODS: 1.2.1
