PODS:
  - EarlGrey (1.11.0)
  - EarlGreySnapshots (0.0.2):
    - EarlGrey (~> 1.9)
    - FBSnapshotTestCase (~> 2.1)
  - FBSnapshotTestCase (2.1.4):
    - FBSnapshotTestCase/SwiftSupport (= 2.1.4)
  - FBSnapshotTestCase/Core (2.1.4)
  - FBSnapshotTestCase/SwiftSupport (2.1.4):
    - FBSnapshotTestCase/Core
  - SliderController (1.0.2)

DEPENDENCIES:
  - EarlGrey (~> 1.11)
  - EarlGreySnapshots (~> 0.0.2)
  - SliderController (from `./`)

EXTERNAL SOURCES:
  SliderController:
    :path: "./"

SPEC CHECKSUMS:
  EarlGrey: 7515b05c7f448374ad7ca2c454f3ea566fcb1a2f
  EarlGreySnapshots: ce423ad576f1bae4315cd9ca313175d5d99be065
  FBSnapshotTestCase: '094f9f314decbabe373b87cc339bea235a63e07a'
  SliderController: a261d99f414ec2cd3cf7f472513286e7135984fa

PODFILE CHECKSUM: f435f57544995ae8f8403d5afa9c35c744338669

COCOAPODS: 1.2.1
