// !$*UTF8*$!
{
	archiveVersion = 1;
	classes = {
	};
	objectVersion = 46;
	objects = {

/* Begin PBXBuildFile section */
		4734869F235B204C004C8EE3 /* CGFloat+Decimal.swift in Sources */ = {isa = PBXBuildFile; fileRef = 4734869B235B1F33004C8EE3 /* CGFloat+Decimal.swift */; };
		473486A3235B2241004C8EE3 /* Float+Decimal.swift in Sources */ = {isa = PBXBuildFile; fileRef = 473486A2235B2241004C8EE3 /* Float+Decimal.swift */; };
		473486A5235B2254004C8EE3 /* Decimal+Float.swift in Sources */ = {isa = PBXBuildFile; fileRef = 473486A4235B2254004C8EE3 /* Decimal+Float.swift */; };
		473486A7235B2268004C8EE3 /* Array+Decimal.swift in Sources */ = {isa = PBXBuildFile; fileRef = 473486A6235B2268004C8EE3 /* Array+Decimal.swift */; };
		473486A9235B227C004C8EE3 /* Sequence+Nearest.swift in Sources */ = {isa = PBXBuildFile; fileRef = 473486A8235B227C004C8EE3 /* Sequence+Nearest.swift */; };
		473486AC235B22D2004C8EE3 /* Decimal+NormalizeToRange.swift in Sources */ = {isa = PBXBuildFile; fileRef = 473486AB235B22D2004C8EE3 /* Decimal+NormalizeToRange.swift */; };
		4741E2622364F427000A58C4 /* UIViewController+Embeding.swift in Sources */ = {isa = PBXBuildFile; fileRef = 4741E2612364F427000A58C4 /* UIViewController+Embeding.swift */; };
		4741E2642364F442000A58C4 /* NonThumbSliderController.swift in Sources */ = {isa = PBXBuildFile; fileRef = 4741E2632364F442000A58C4 /* NonThumbSliderController.swift */; };
		4741E2662364F476000A58C4 /* CustomStepSliderController.swift in Sources */ = {isa = PBXBuildFile; fileRef = 4741E2652364F476000A58C4 /* CustomStepSliderController.swift */; };
		4E3967341F2E54AB00FA3B40 /* SliderController.h in Headers */ = {isa = PBXBuildFile; fileRef = 4E3967321F2E54AB00FA3B40 /* SliderController.h */; settings = {ATTRIBUTES = (Public, ); }; };
		4E39675A1F2E57E800FA3B40 /* AppDelegate.swift in Sources */ = {isa = PBXBuildFile; fileRef = 4E3967591F2E57E800FA3B40 /* AppDelegate.swift */; };
		4E39675C1F2E57E800FA3B40 /* ViewController.swift in Sources */ = {isa = PBXBuildFile; fileRef = 4E39675B1F2E57E800FA3B40 /* ViewController.swift */; };
		4E3967611F2E57E800FA3B40 /* Assets.xcassets in Resources */ = {isa = PBXBuildFile; fileRef = 4E3967601F2E57E800FA3B40 /* Assets.xcassets */; };
		4E3967641F2E57E800FA3B40 /* LaunchScreen.storyboard in Resources */ = {isa = PBXBuildFile; fileRef = 4E3967621F2E57E800FA3B40 /* LaunchScreen.storyboard */; };
		4E82CC141F2FCDEF00C088E8 /* CGContext+AddCircle.swift in Sources */ = {isa = PBXBuildFile; fileRef = 4E82CC131F2FCDEF00C088E8 /* CGContext+AddCircle.swift */; };
		4EB7A71D2711A9CD00701131 /* SliderController.framework in Frameworks */ = {isa = PBXBuildFile; fileRef = 4EF2AD221F2E51C300666035 /* SliderController.framework */; };
		4EB7A71E2711A9CD00701131 /* SliderController.framework in Embed Frameworks */ = {isa = PBXBuildFile; fileRef = 4EF2AD221F2E51C300666035 /* SliderController.framework */; settings = {ATTRIBUTES = (CodeSignOnCopy, RemoveHeadersOnCopy, ); }; };
		4EBECB111F35E80E005C64BA /* EarlGrey.framework in Frameworks */ = {isa = PBXBuildFile; fileRef = 4EBECB101F35E80E005C64BA /* EarlGrey.framework */; };
		4EBECB171F35E8FC005C64BA /* EarlGrey.framework in EarlGrey Copy Files */ = {isa = PBXBuildFile; fileRef = 4EBECB101F35E80E005C64BA /* EarlGrey.framework */; settings = {ATTRIBUTES = (CodeSignOnCopy, ); }; };
		4EBECB191F35FF3C005C64BA /* SliderControllerDelegateSpy.swift in Sources */ = {isa = PBXBuildFile; fileRef = 4EBECB181F35FF3C005C64BA /* SliderControllerDelegateSpy.swift */; };
		4ECA07D91F2E5D5E0024BD0D /* Slider.swift in Sources */ = {isa = PBXBuildFile; fileRef = 4ECA07D81F2E5D5E0024BD0D /* Slider.swift */; };
		4ECA07DB1F2E5EBA0024BD0D /* SliderController.swift in Sources */ = {isa = PBXBuildFile; fileRef = 4ECA07DA1F2E5EBA0024BD0D /* SliderController.swift */; };
		4EF2AD2C1F2E51C300666035 /* SliderController.framework in Frameworks */ = {isa = PBXBuildFile; fileRef = 4EF2AD221F2E51C300666035 /* SliderController.framework */; };
/* End PBXBuildFile section */

/* Begin PBXContainerItemProxy section */
		4EB7A71F2711A9CD00701131 /* PBXContainerItemProxy */ = {
			isa = PBXContainerItemProxy;
			containerPortal = 4EF2AD191F2E51C300666035 /* Project object */;
			proxyType = 1;
			remoteGlobalIDString = 4EF2AD211F2E51C300666035;
			remoteInfo = SliderController;
		};
		4EBECB141F35E8AC005C64BA /* PBXContainerItemProxy */ = {
			isa = PBXContainerItemProxy;
			containerPortal = 4EF2AD191F2E51C300666035 /* Project object */;
			proxyType = 1;
			remoteGlobalIDString = 4E3967561F2E57E800FA3B40;
			remoteInfo = Example;
		};
		4EF2AD2D1F2E51C300666035 /* PBXContainerItemProxy */ = {
			isa = PBXContainerItemProxy;
			containerPortal = 4EF2AD191F2E51C300666035 /* Project object */;
			proxyType = 1;
			remoteGlobalIDString = 4EF2AD211F2E51C300666035;
			remoteInfo = SliderController;
		};
/* End PBXContainerItemProxy section */

/* Begin PBXCopyFilesBuildPhase section */
		4EB7A7212711A9CD00701131 /* Embed Frameworks */ = {
			isa = PBXCopyFilesBuildPhase;
			buildActionMask = 2147483647;
			dstPath = "";
			dstSubfolderSpec = 10;
			files = (
				4EB7A71E2711A9CD00701131 /* SliderController.framework in Embed Frameworks */,
			);
			name = "Embed Frameworks";
			runOnlyForDeploymentPostprocessing = 0;
		};
		4EBECB161F35E8E7005C64BA /* EarlGrey Copy Files */ = {
			isa = PBXCopyFilesBuildPhase;
			buildActionMask = 2147483647;
			dstPath = "$(TEST_HOST)/..";
			dstSubfolderSpec = 0;
			files = (
				4EBECB171F35E8FC005C64BA /* EarlGrey.framework in EarlGrey Copy Files */,
			);
			name = "EarlGrey Copy Files";
			runOnlyForDeploymentPostprocessing = 0;
		};
/* End PBXCopyFilesBuildPhase section */

/* Begin PBXFileReference section */
		4734869B235B1F33004C8EE3 /* CGFloat+Decimal.swift */ = {isa = PBXFileReference; lastKnownFileType = sourcecode.swift; path = "CGFloat+Decimal.swift"; sourceTree = "<group>"; };
		473486A2235B2241004C8EE3 /* Float+Decimal.swift */ = {isa = PBXFileReference; lastKnownFileType = sourcecode.swift; path = "Float+Decimal.swift"; sourceTree = "<group>"; };
		473486A4235B2254004C8EE3 /* Decimal+Float.swift */ = {isa = PBXFileReference; lastKnownFileType = sourcecode.swift; path = "Decimal+Float.swift"; sourceTree = "<group>"; };
		473486A6235B2268004C8EE3 /* Array+Decimal.swift */ = {isa = PBXFileReference; lastKnownFileType = sourcecode.swift; path = "Array+Decimal.swift"; sourceTree = "<group>"; };
		473486A8235B227C004C8EE3 /* Sequence+Nearest.swift */ = {isa = PBXFileReference; lastKnownFileType = sourcecode.swift; path = "Sequence+Nearest.swift"; sourceTree = "<group>"; };
		473486AB235B22D2004C8EE3 /* Decimal+NormalizeToRange.swift */ = {isa = PBXFileReference; lastKnownFileType = sourcecode.swift; path = "Decimal+NormalizeToRange.swift"; sourceTree = "<group>"; };
		4741E2612364F427000A58C4 /* UIViewController+Embeding.swift */ = {isa = PBXFileReference; lastKnownFileType = sourcecode.swift; path = "UIViewController+Embeding.swift"; sourceTree = "<group>"; };
		4741E2632364F442000A58C4 /* NonThumbSliderController.swift */ = {isa = PBXFileReference; lastKnownFileType = sourcecode.swift; path = NonThumbSliderController.swift; sourceTree = "<group>"; };
		4741E2652364F476000A58C4 /* CustomStepSliderController.swift */ = {isa = PBXFileReference; lastKnownFileType = sourcecode.swift; path = CustomStepSliderController.swift; sourceTree = "<group>"; };
		4E3967311F2E54AB00FA3B40 /* Info.plist */ = {isa = PBXFileReference; fileEncoding = 4; lastKnownFileType = text.plist.xml; path = Info.plist; sourceTree = "<group>"; };
		4E3967321F2E54AB00FA3B40 /* SliderController.h */ = {isa = PBXFileReference; fileEncoding = 4; lastKnownFileType = sourcecode.c.h; path = SliderController.h; sourceTree = "<group>"; };
		4E3967351F2E54D200FA3B40 /* Info.plist */ = {isa = PBXFileReference; fileEncoding = 4; lastKnownFileType = text.plist.xml; path = Info.plist; sourceTree = "<group>"; };
		4E3967361F2E54D200FA3B40 /* SliderControllerTests.swift */ = {isa = PBXFileReference; fileEncoding = 4; lastKnownFileType = sourcecode.swift; path = SliderControllerTests.swift; sourceTree = "<group>"; };
		4E3967571F2E57E800FA3B40 /* Example.app */ = {isa = PBXFileReference; explicitFileType = wrapper.application; includeInIndex = 0; path = Example.app; sourceTree = BUILT_PRODUCTS_DIR; };
		4E3967591F2E57E800FA3B40 /* AppDelegate.swift */ = {isa = PBXFileReference; lastKnownFileType = sourcecode.swift; path = AppDelegate.swift; sourceTree = "<group>"; };
		4E39675B1F2E57E800FA3B40 /* ViewController.swift */ = {isa = PBXFileReference; lastKnownFileType = sourcecode.swift; path = ViewController.swift; sourceTree = "<group>"; };
		4E3967601F2E57E800FA3B40 /* Assets.xcassets */ = {isa = PBXFileReference; lastKnownFileType = folder.assetcatalog; path = Assets.xcassets; sourceTree = "<group>"; };
		4E3967631F2E57E800FA3B40 /* Base */ = {isa = PBXFileReference; lastKnownFileType = file.storyboard; name = Base; path = Base.lproj/LaunchScreen.storyboard; sourceTree = "<group>"; };
		4E3967651F2E57E800FA3B40 /* Info.plist */ = {isa = PBXFileReference; lastKnownFileType = text.plist.xml; path = Info.plist; sourceTree = "<group>"; };
		4E82CC131F2FCDEF00C088E8 /* CGContext+AddCircle.swift */ = {isa = PBXFileReference; fileEncoding = 4; lastKnownFileType = sourcecode.swift; path = "CGContext+AddCircle.swift"; sourceTree = "<group>"; };
		4EBECB101F35E80E005C64BA /* EarlGrey.framework */ = {isa = PBXFileReference; lastKnownFileType = wrapper.framework; name = EarlGrey.framework; path = Pods/EarlGrey/EarlGrey/EarlGrey.framework; sourceTree = "<group>"; };
		4EBECB121F35E846005C64BA /* EarlGrey.swift */ = {isa = PBXFileReference; fileEncoding = 4; lastKnownFileType = sourcecode.swift; path = EarlGrey.swift; sourceTree = "<group>"; };
		4EBECB181F35FF3C005C64BA /* SliderControllerDelegateSpy.swift */ = {isa = PBXFileReference; fileEncoding = 4; lastKnownFileType = sourcecode.swift; path = SliderControllerDelegateSpy.swift; sourceTree = "<group>"; };
		4EBECB1A1F36082C005C64BA /* SliderControllerTests+CustomAsserts.swift */ = {isa = PBXFileReference; fileEncoding = 4; lastKnownFileType = sourcecode.swift; path = "SliderControllerTests+CustomAsserts.swift"; sourceTree = "<group>"; };
		4ECA07D81F2E5D5E0024BD0D /* Slider.swift */ = {isa = PBXFileReference; fileEncoding = 4; lastKnownFileType = sourcecode.swift; path = Slider.swift; sourceTree = "<group>"; };
		4ECA07DA1F2E5EBA0024BD0D /* SliderController.swift */ = {isa = PBXFileReference; fileEncoding = 4; lastKnownFileType = sourcecode.swift; path = SliderController.swift; sourceTree = "<group>"; };
		4EF2AD221F2E51C300666035 /* SliderController.framework */ = {isa = PBXFileReference; explicitFileType = wrapper.framework; includeInIndex = 0; path = SliderController.framework; sourceTree = BUILT_PRODUCTS_DIR; };
		4EF2AD2B1F2E51C300666035 /* SliderControllerTests.xctest */ = {isa = PBXFileReference; explicitFileType = wrapper.cfbundle; includeInIndex = 0; path = SliderControllerTests.xctest; sourceTree = BUILT_PRODUCTS_DIR; };
/* End PBXFileReference section */

/* Begin PBXFrameworksBuildPhase section */
		4E3967541F2E57E800FA3B40 /* Frameworks */ = {
			isa = PBXFrameworksBuildPhase;
			buildActionMask = 2147483647;
			files = (
				4EB7A71D2711A9CD00701131 /* SliderController.framework in Frameworks */,
			);
			runOnlyForDeploymentPostprocessing = 0;
		};
		4EF2AD1E1F2E51C300666035 /* Frameworks */ = {
			isa = PBXFrameworksBuildPhase;
			buildActionMask = 2147483647;
			files = (
			);
			runOnlyForDeploymentPostprocessing = 0;
		};
		4EF2AD281F2E51C300666035 /* Frameworks */ = {
			isa = PBXFrameworksBuildPhase;
			buildActionMask = 2147483647;
			files = (
				4EF2AD2C1F2E51C300666035 /* SliderController.framework in Frameworks */,
				4EBECB111F35E80E005C64BA /* EarlGrey.framework in Frameworks */,
			);
			runOnlyForDeploymentPostprocessing = 0;
		};
/* End PBXFrameworksBuildPhase section */

/* Begin PBXGroup section */
		293AA02FC344C02F89D31F43 /* Frameworks */ = {
			isa = PBXGroup;
			children = (
				4EBECB101F35E80E005C64BA /* EarlGrey.framework */,
			);
			name = Frameworks;
			sourceTree = "<group>";
		};
		4E3967581F2E57E800FA3B40 /* Example */ = {
			isa = PBXGroup;
			children = (
				4ECA07D41F2E58A70024BD0D /* Application */,
				4ECA07D71F2E58BE0024BD0D /* Resources */,
				4ECA07D61F2E58B30024BD0D /* Supporting Files */,
				4ECA07D51F2E58AF0024BD0D /* UI */,
			);
			path = Example;
			sourceTree = "<group>";
		};
		4ECA07D41F2E58A70024BD0D /* Application */ = {
			isa = PBXGroup;
			children = (
				4E3967591F2E57E800FA3B40 /* AppDelegate.swift */,
			);
			path = Application;
			sourceTree = "<group>";
		};
		4ECA07D51F2E58AF0024BD0D /* UI */ = {
			isa = PBXGroup;
			children = (
				4E3967621F2E57E800FA3B40 /* LaunchScreen.storyboard */,
				4E39675B1F2E57E800FA3B40 /* ViewController.swift */,
				4741E2612364F427000A58C4 /* UIViewController+Embeding.swift */,
				4741E2632364F442000A58C4 /* NonThumbSliderController.swift */,
				4741E2652364F476000A58C4 /* CustomStepSliderController.swift */,
			);
			path = UI;
			sourceTree = "<group>";
		};
		4ECA07D61F2E58B30024BD0D /* Supporting Files */ = {
			isa = PBXGroup;
			children = (
				4E3967651F2E57E800FA3B40 /* Info.plist */,
			);
			path = "Supporting Files";
			sourceTree = "<group>";
		};
		4ECA07D71F2E58BE0024BD0D /* Resources */ = {
			isa = PBXGroup;
			children = (
				4E3967601F2E57E800FA3B40 /* Assets.xcassets */,
			);
			path = Resources;
			sourceTree = "<group>";
		};
		4EF2AD181F2E51C300666035 = {
			isa = PBXGroup;
			children = (
				4E3967581F2E57E800FA3B40 /* Example */,
				293AA02FC344C02F89D31F43 /* Frameworks */,
				4EF2AD231F2E51C300666035 /* Products */,
				4EF2AD241F2E51C300666035 /* Source */,
				4EF2AD2F1F2E51C300666035 /* Tests */,
			);
			sourceTree = "<group>";
		};
		4EF2AD231F2E51C300666035 /* Products */ = {
			isa = PBXGroup;
			children = (
				4EF2AD221F2E51C300666035 /* SliderController.framework */,
				4EF2AD2B1F2E51C300666035 /* SliderControllerTests.xctest */,
				4E3967571F2E57E800FA3B40 /* Example.app */,
			);
			name = Products;
			sourceTree = "<group>";
		};
		4EF2AD241F2E51C300666035 /* Source */ = {
			isa = PBXGroup;
			children = (
				4E82CC131F2FCDEF00C088E8 /* CGContext+AddCircle.swift */,
				4E3967311F2E54AB00FA3B40 /* Info.plist */,
				4ECA07D81F2E5D5E0024BD0D /* Slider.swift */,
				4E3967321F2E54AB00FA3B40 /* SliderController.h */,
				4ECA07DA1F2E5EBA0024BD0D /* SliderController.swift */,
				4734869B235B1F33004C8EE3 /* CGFloat+Decimal.swift */,
				473486A2235B2241004C8EE3 /* Float+Decimal.swift */,
				473486A4235B2254004C8EE3 /* Decimal+Float.swift */,
				473486A6235B2268004C8EE3 /* Array+Decimal.swift */,
				473486A8235B227C004C8EE3 /* Sequence+Nearest.swift */,
				473486AB235B22D2004C8EE3 /* Decimal+NormalizeToRange.swift */,
			);
			path = Source;
			sourceTree = "<group>";
		};
		4EF2AD2F1F2E51C300666035 /* Tests */ = {
			isa = PBXGroup;
			children = (
				4EBECB121F35E846005C64BA /* EarlGrey.swift */,
				4E3967351F2E54D200FA3B40 /* Info.plist */,
				4EBECB181F35FF3C005C64BA /* SliderControllerDelegateSpy.swift */,
				4EBECB1A1F36082C005C64BA /* SliderControllerTests+CustomAsserts.swift */,
				4E3967361F2E54D200FA3B40 /* SliderControllerTests.swift */,
			);
			path = Tests;
			sourceTree = "<group>";
		};
/* End PBXGroup section */

/* Begin PBXHeadersBuildPhase section */
		4EF2AD1F1F2E51C300666035 /* Headers */ = {
			isa = PBXHeadersBuildPhase;
			buildActionMask = 2147483647;
			files = (
				4E3967341F2E54AB00FA3B40 /* SliderController.h in Headers */,
			);
			runOnlyForDeploymentPostprocessing = 0;
		};
/* End PBXHeadersBuildPhase section */

/* Begin PBXNativeTarget section */
		4E3967561F2E57E800FA3B40 /* Example */ = {
			isa = PBXNativeTarget;
			buildConfigurationList = 4E3967681F2E57E800FA3B40 /* Build configuration list for PBXNativeTarget "Example" */;
			buildPhases = (
				4E3967531F2E57E800FA3B40 /* Sources */,
				4E3967541F2E57E800FA3B40 /* Frameworks */,
				4E3967551F2E57E800FA3B40 /* Resources */,
				4EB7A7212711A9CD00701131 /* Embed Frameworks */,
			);
			buildRules = (
			);
			dependencies = (
				4EB7A7202711A9CD00701131 /* PBXTargetDependency */,
			);
			name = Example;
			productName = Example;
			productReference = 4E3967571F2E57E800FA3B40 /* Example.app */;
			productType = "com.apple.product-type.application";
		};
		4EF2AD211F2E51C300666035 /* SliderController */ = {
			isa = PBXNativeTarget;
			buildConfigurationList = 4EF2AD361F2E51C300666035 /* Build configuration list for PBXNativeTarget "SliderController" */;
			buildPhases = (
				4EF2AD1D1F2E51C300666035 /* Sources */,
				4EF2AD1E1F2E51C300666035 /* Frameworks */,
				4EF2AD1F1F2E51C300666035 /* Headers */,
				4EF2AD201F2E51C300666035 /* Resources */,
			);
			buildRules = (
			);
			dependencies = (
			);
			name = SliderController;
			productName = SliderController;
			productReference = 4EF2AD221F2E51C300666035 /* SliderController.framework */;
			productType = "com.apple.product-type.framework";
		};
		4EF2AD2A1F2E51C300666035 /* SliderControllerTests */ = {
			isa = PBXNativeTarget;
			buildConfigurationList = 4EF2AD391F2E51C300666035 /* Build configuration list for PBXNativeTarget "SliderControllerTests" */;
			buildPhases = (
				4EF2AD271F2E51C300666035 /* Sources */,
				4EF2AD281F2E51C300666035 /* Frameworks */,
				4EF2AD291F2E51C300666035 /* Resources */,
				4EBECB161F35E8E7005C64BA /* EarlGrey Copy Files */,
			);
			buildRules = (
			);
			dependencies = (
				4EF2AD2E1F2E51C300666035 /* PBXTargetDependency */,
				4EBECB151F35E8AC005C64BA /* PBXTargetDependency */,
			);
			name = SliderControllerTests;
			productName = SliderControllerTests;
			productReference = 4EF2AD2B1F2E51C300666035 /* SliderControllerTests.xctest */;
			productType = "com.apple.product-type.bundle.unit-test";
		};
/* End PBXNativeTarget section */

/* Begin PBXProject section */
		4EF2AD191F2E51C300666035 /* Project object */ = {
			isa = PBXProject;
			attributes = {
				LastSwiftUpdateCheck = 0830;
				LastUpgradeCheck = 1100;
				ORGANIZATIONNAME = "Mateusz Szklarek";
				TargetAttributes = {
					4E3967561F2E57E800FA3B40 = {
						CreatedOnToolsVersion = 8.3.3;
						LastSwiftMigration = 1100;
						ProvisioningStyle = Manual;
					};
					4EF2AD211F2E51C300666035 = {
						CreatedOnToolsVersion = 8.3.3;
						LastSwiftMigration = 1250;
						ProvisioningStyle = Manual;
					};
					4EF2AD2A1F2E51C300666035 = {
						CreatedOnToolsVersion = 8.3.3;
						LastSwiftMigration = 0900;
						ProvisioningStyle = Manual;
						TestTargetID = 4E3967561F2E57E800FA3B40;
					};
				};
			};
			buildConfigurationList = 4EF2AD1C1F2E51C300666035 /* Build configuration list for PBXProject "SliderController" */;
			compatibilityVersion = "Xcode 3.2";
			developmentRegion = en;
			hasScannedForEncodings = 0;
			knownRegions = (
				en,
				Base,
			);
			mainGroup = 4EF2AD181F2E51C300666035;
			productRefGroup = 4EF2AD231F2E51C300666035 /* Products */;
			projectDirPath = "";
			projectRoot = "";
			targets = (
				4EF2AD211F2E51C300666035 /* SliderController */,
				4EF2AD2A1F2E51C300666035 /* SliderControllerTests */,
				4E3967561F2E57E800FA3B40 /* Example */,
			);
		};
/* End PBXProject section */

/* Begin PBXResourcesBuildPhase section */
		4E3967551F2E57E800FA3B40 /* Resources */ = {
			isa = PBXResourcesBuildPhase;
			buildActionMask = 2147483647;
			files = (
				4E3967641F2E57E800FA3B40 /* LaunchScreen.storyboard in Resources */,
				4E3967611F2E57E800FA3B40 /* Assets.xcassets in Resources */,
			);
			runOnlyForDeploymentPostprocessing = 0;
		};
		4EF2AD201F2E51C300666035 /* Resources */ = {
			isa = PBXResourcesBuildPhase;
			buildActionMask = 2147483647;
			files = (
			);
			runOnlyForDeploymentPostprocessing = 0;
		};
		4EF2AD291F2E51C300666035 /* Resources */ = {
			isa = PBXResourcesBuildPhase;
			buildActionMask = 2147483647;
			files = (
			);
			runOnlyForDeploymentPostprocessing = 0;
		};
/* End PBXResourcesBuildPhase section */

/* Begin PBXSourcesBuildPhase section */
		4E3967531F2E57E800FA3B40 /* Sources */ = {
			isa = PBXSourcesBuildPhase;
			buildActionMask = 2147483647;
			files = (
				4741E2662364F476000A58C4 /* CustomStepSliderController.swift in Sources */,
				4E39675C1F2E57E800FA3B40 /* ViewController.swift in Sources */,
				4741E2622364F427000A58C4 /* UIViewController+Embeding.swift in Sources */,
				4E39675A1F2E57E800FA3B40 /* AppDelegate.swift in Sources */,
				4741E2642364F442000A58C4 /* NonThumbSliderController.swift in Sources */,
			);
			runOnlyForDeploymentPostprocessing = 0;
		};
		4EF2AD1D1F2E51C300666035 /* Sources */ = {
			isa = PBXSourcesBuildPhase;
			buildActionMask = 2147483647;
			files = (
				4ECA07DB1F2E5EBA0024BD0D /* SliderController.swift in Sources */,
				4ECA07D91F2E5D5E0024BD0D /* Slider.swift in Sources */,
				4734869F235B204C004C8EE3 /* CGFloat+Decimal.swift in Sources */,
				473486A7235B2268004C8EE3 /* Array+Decimal.swift in Sources */,
				473486A5235B2254004C8EE3 /* Decimal+Float.swift in Sources */,
				473486AC235B22D2004C8EE3 /* Decimal+NormalizeToRange.swift in Sources */,
				4E82CC141F2FCDEF00C088E8 /* CGContext+AddCircle.swift in Sources */,
				473486A3235B2241004C8EE3 /* Float+Decimal.swift in Sources */,
				473486A9235B227C004C8EE3 /* Sequence+Nearest.swift in Sources */,
			);
			runOnlyForDeploymentPostprocessing = 0;
		};
		4EF2AD271F2E51C300666035 /* Sources */ = {
			isa = PBXSourcesBuildPhase;
			buildActionMask = 2147483647;
			files = (
				4EBECB191F35FF3C005C64BA /* SliderControllerDelegateSpy.swift in Sources */,
			);
			runOnlyForDeploymentPostprocessing = 0;
		};
/* End PBXSourcesBuildPhase section */

/* Begin PBXTargetDependency section */
		4EB7A7202711A9CD00701131 /* PBXTargetDependency */ = {
			isa = PBXTargetDependency;
			target = 4EF2AD211F2E51C300666035 /* SliderController */;
			targetProxy = 4EB7A71F2711A9CD00701131 /* PBXContainerItemProxy */;
		};
		4EBECB151F35E8AC005C64BA /* PBXTargetDependency */ = {
			isa = PBXTargetDependency;
			target = 4E3967561F2E57E800FA3B40 /* Example */;
			targetProxy = 4EBECB141F35E8AC005C64BA /* PBXContainerItemProxy */;
		};
		4EF2AD2E1F2E51C300666035 /* PBXTargetDependency */ = {
			isa = PBXTargetDependency;
			target = 4EF2AD211F2E51C300666035 /* SliderController */;
			targetProxy = 4EF2AD2D1F2E51C300666035 /* PBXContainerItemProxy */;
		};
/* End PBXTargetDependency section */

/* Begin PBXVariantGroup section */
		4E3967621F2E57E800FA3B40 /* LaunchScreen.storyboard */ = {
			isa = PBXVariantGroup;
			children = (
				4E3967631F2E57E800FA3B40 /* Base */,
			);
			name = LaunchScreen.storyboard;
			path = .;
			sourceTree = "<group>";
		};
/* End PBXVariantGroup section */

/* Begin XCBuildConfiguration section */
		4E3967661F2E57E800FA3B40 /* Debug */ = {
			isa = XCBuildConfiguration;
			buildSettings = {
				ASSETCATALOG_COMPILER_APPICON_NAME = AppIcon;
				DEVELOPMENT_TEAM = "";
				INFOPLIST_FILE = "Example/Supporting Files/Info.plist";
				LD_RUNPATH_SEARCH_PATHS = "$(inherited) @executable_path/Frameworks";
				PRODUCT_BUNDLE_IDENTIFIER = com.mateusz.szklarek.Example;
				PRODUCT_NAME = "$(TARGET_NAME)";
				PROVISIONING_PROFILE_SPECIFIER = "";
				SWIFT_VERSION = 5.0;
			};
			name = Debug;
		};
		4E3967671F2E57E800FA3B40 /* Release */ = {
			isa = XCBuildConfiguration;
			buildSettings = {
				ASSETCATALOG_COMPILER_APPICON_NAME = AppIcon;
				DEVELOPMENT_TEAM = "";
				INFOPLIST_FILE = "Example/Supporting Files/Info.plist";
				LD_RUNPATH_SEARCH_PATHS = "$(inherited) @executable_path/Frameworks";
				PRODUCT_BUNDLE_IDENTIFIER = com.mateusz.szklarek.Example;
				PRODUCT_NAME = "$(TARGET_NAME)";
				PROVISIONING_PROFILE_SPECIFIER = "";
				SWIFT_VERSION = 5.0;
			};
			name = Release;
		};
		4EF2AD341F2E51C300666035 /* Debug */ = {
			isa = XCBuildConfiguration;
			buildSettings = {
				ALWAYS_SEARCH_USER_PATHS = NO;
				CLANG_ANALYZER_LOCALIZABILITY_NONLOCALIZED = YES;
				CLANG_ANALYZER_NONNULL = YES;
				CLANG_ANALYZER_NUMBER_OBJECT_CONVERSION = YES_AGGRESSIVE;
				CLANG_CXX_LANGUAGE_STANDARD = "gnu++0x";
				CLANG_CXX_LIBRARY = "libc++";
				CLANG_ENABLE_MODULES = YES;
				CLANG_ENABLE_OBJC_ARC = YES;
				CLANG_WARN_BLOCK_CAPTURE_AUTORELEASING = YES;
				CLANG_WARN_BOOL_CONVERSION = YES;
				CLANG_WARN_COMMA = YES;
				CLANG_WARN_CONSTANT_CONVERSION = YES;
				CLANG_WARN_DEPRECATED_OBJC_IMPLEMENTATIONS = YES;
				CLANG_WARN_DIRECT_OBJC_ISA_USAGE = YES_ERROR;
				CLANG_WARN_DOCUMENTATION_COMMENTS = YES;
				CLANG_WARN_EMPTY_BODY = YES;
				CLANG_WARN_ENUM_CONVERSION = YES;
				CLANG_WARN_INFINITE_RECURSION = YES;
				CLANG_WARN_INT_CONVERSION = YES;
				CLANG_WARN_NON_LITERAL_NULL_CONVERSION = YES;
				CLANG_WARN_OBJC_IMPLICIT_RETAIN_SELF = YES;
				CLANG_WARN_OBJC_LITERAL_CONVERSION = YES;
				CLANG_WARN_OBJC_ROOT_CLASS = YES_ERROR;
				CLANG_WARN_RANGE_LOOP_ANALYSIS = YES;
				CLANG_WARN_STRICT_PROTOTYPES = YES;
				CLANG_WARN_SUSPICIOUS_MOVE = YES;
				CLANG_WARN_UNREACHABLE_CODE = YES;
				CLANG_WARN__DUPLICATE_METHOD_MATCH = YES;
				"CODE_SIGN_IDENTITY[sdk=iphoneos*]" = "iPhone Developer";
				COPY_PHASE_STRIP = NO;
				CURRENT_PROJECT_VERSION = 1;
				DEBUG_INFORMATION_FORMAT = dwarf;
				ENABLE_STRICT_OBJC_MSGSEND = YES;
				ENABLE_TESTABILITY = YES;
				GCC_C_LANGUAGE_STANDARD = gnu99;
				GCC_DYNAMIC_NO_PIC = NO;
				GCC_NO_COMMON_BLOCKS = YES;
				GCC_OPTIMIZATION_LEVEL = 0;
				GCC_PREPROCESSOR_DEFINITIONS = (
					"DEBUG=1",
					"$(inherited)",
				);
				GCC_WARN_64_TO_32_BIT_CONVERSION = YES;
				GCC_WARN_ABOUT_RETURN_TYPE = YES_ERROR;
				GCC_WARN_UNDECLARED_SELECTOR = YES;
				GCC_WARN_UNINITIALIZED_AUTOS = YES_AGGRESSIVE;
				GCC_WARN_UNUSED_FUNCTION = YES;
				GCC_WARN_UNUSED_VARIABLE = YES;
				IPHONEOS_DEPLOYMENT_TARGET = 10.3;
				MTL_ENABLE_DEBUG_INFO = YES;
				ONLY_ACTIVE_ARCH = YES;
				SDKROOT = iphoneos;
				SWIFT_ACTIVE_COMPILATION_CONDITIONS = DEBUG;
				SWIFT_OPTIMIZATION_LEVEL = "-Onone";
				TARGETED_DEVICE_FAMILY = "1,2";
				VERSIONING_SYSTEM = "apple-generic";
				VERSION_INFO_PREFIX = "";
			};
			name = Debug;
		};
		4EF2AD351F2E51C300666035 /* Release */ = {
			isa = XCBuildConfiguration;
			buildSettings = {
				ALWAYS_SEARCH_USER_PATHS = NO;
				CLANG_ANALYZER_LOCALIZABILITY_NONLOCALIZED = YES;
				CLANG_ANALYZER_NONNULL = YES;
				CLANG_ANALYZER_NUMBER_OBJECT_CONVERSION = YES_AGGRESSIVE;
				CLANG_CXX_LANGUAGE_STANDARD = "gnu++0x";
				CLANG_CXX_LIBRARY = "libc++";
				CLANG_ENABLE_MODULES = YES;
				CLANG_ENABLE_OBJC_ARC = YES;
				CLANG_WARN_BLOCK_CAPTURE_AUTORELEASING = YES;
				CLANG_WARN_BOOL_CONVERSION = YES;
				CLANG_WARN_COMMA = YES;
				CLANG_WARN_CONSTANT_CONVERSION = YES;
				CLANG_WARN_DEPRECATED_OBJC_IMPLEMENTATIONS = YES;
				CLANG_WARN_DIRECT_OBJC_ISA_USAGE = YES_ERROR;
				CLANG_WARN_DOCUMENTATION_COMMENTS = YES;
				CLANG_WARN_EMPTY_BODY = YES;
				CLANG_WARN_ENUM_CONVERSION = YES;
				CLANG_WARN_INFINITE_RECURSION = YES;
				CLANG_WARN_INT_CONVERSION = YES;
				CLANG_WARN_NON_LITERAL_NULL_CONVERSION = YES;
				CLANG_WARN_OBJC_IMPLICIT_RETAIN_SELF = YES;
				CLANG_WARN_OBJC_LITERAL_CONVERSION = YES;
				CLANG_WARN_OBJC_ROOT_CLASS = YES_ERROR;
				CLANG_WARN_RANGE_LOOP_ANALYSIS = YES;
				CLANG_WARN_STRICT_PROTOTYPES = YES;
				CLANG_WARN_SUSPICIOUS_MOVE = YES;
				CLANG_WARN_UNREACHABLE_CODE = YES;
				CLANG_WARN__DUPLICATE_METHOD_MATCH = YES;
				"CODE_SIGN_IDENTITY[sdk=iphoneos*]" = "iPhone Developer";
				COPY_PHASE_STRIP = NO;
				CURRENT_PROJECT_VERSION = 1;
				DEBUG_INFORMATION_FORMAT = "dwarf-with-dsym";
				ENABLE_NS_ASSERTIONS = NO;
				ENABLE_STRICT_OBJC_MSGSEND = YES;
				GCC_C_LANGUAGE_STANDARD = gnu99;
				GCC_NO_COMMON_BLOCKS = YES;
				GCC_WARN_64_TO_32_BIT_CONVERSION = YES;
				GCC_WARN_ABOUT_RETURN_TYPE = YES_ERROR;
				GCC_WARN_UNDECLARED_SELECTOR = YES;
				GCC_WARN_UNINITIALIZED_AUTOS = YES_AGGRESSIVE;
				GCC_WARN_UNUSED_FUNCTION = YES;
				GCC_WARN_UNUSED_VARIABLE = YES;
				IPHONEOS_DEPLOYMENT_TARGET = 10.3;
				MTL_ENABLE_DEBUG_INFO = NO;
				SDKROOT = iphoneos;
				SWIFT_OPTIMIZATION_LEVEL = "-Owholemodule";
				TARGETED_DEVICE_FAMILY = "1,2";
				VALIDATE_PRODUCT = YES;
				VERSIONING_SYSTEM = "apple-generic";
				VERSION_INFO_PREFIX = "";
			};
			name = Release;
		};
		4EF2AD371F2E51C300666035 /* Debug */ = {
			isa = XCBuildConfiguration;
			buildSettings = {
				CODE_SIGN_IDENTITY = "";
				DEFINES_MODULE = YES;
				DEVELOPMENT_TEAM = "";
				DYLIB_COMPATIBILITY_VERSION = 1;
				DYLIB_CURRENT_VERSION = 1;
				DYLIB_INSTALL_NAME_BASE = "@rpath";
				INFOPLIST_FILE = "$(SRCROOT)/Source/Info.plist";
				INSTALL_PATH = "$(LOCAL_LIBRARY_DIR)/Frameworks";
				LD_RUNPATH_SEARCH_PATHS = "$(inherited) @executable_path/Frameworks @loader_path/Frameworks";
				PRODUCT_BUNDLE_IDENTIFIER = com.mateusz.szklarek.SliderController;
				PRODUCT_NAME = "$(TARGET_NAME)";
				PROVISIONING_PROFILE_SPECIFIER = "";
				SKIP_INSTALL = YES;
				SWIFT_VERSION = 5.0;
			};
			name = Debug;
		};
		4EF2AD381F2E51C300666035 /* Release */ = {
			isa = XCBuildConfiguration;
			buildSettings = {
				CODE_SIGN_IDENTITY = "";
				DEFINES_MODULE = YES;
				DEVELOPMENT_TEAM = "";
				DYLIB_COMPATIBILITY_VERSION = 1;
				DYLIB_CURRENT_VERSION = 1;
				DYLIB_INSTALL_NAME_BASE = "@rpath";
				INFOPLIST_FILE = "$(SRCROOT)/Source/Info.plist";
				INSTALL_PATH = "$(LOCAL_LIBRARY_DIR)/Frameworks";
				LD_RUNPATH_SEARCH_PATHS = "$(inherited) @executable_path/Frameworks @loader_path/Frameworks";
				PRODUCT_BUNDLE_IDENTIFIER = com.mateusz.szklarek.SliderController;
				PRODUCT_NAME = "$(TARGET_NAME)";
				PROVISIONING_PROFILE_SPECIFIER = "";
				SKIP_INSTALL = YES;
				SWIFT_VERSION = 5.0;
			};
			name = Release;
		};
		4EF2AD3A1F2E51C300666035 /* Debug */ = {
			isa = XCBuildConfiguration;
			buildSettings = {
				DEVELOPMENT_TEAM = "";
				FRAMEWORK_SEARCH_PATHS = (
					"$(inherited)",
					"$(PROJECT_DIR)/Pods/EarlGrey/EarlGrey",
				);
				INFOPLIST_FILE = Tests/Info.plist;
				LD_RUNPATH_SEARCH_PATHS = "$(inherited) @executable_path/Frameworks @loader_path/Frameworks";
				PRODUCT_BUNDLE_IDENTIFIER = com.mateusz.szklarek.SliderControllerTests;
				PRODUCT_NAME = "$(TARGET_NAME)";
				PROVISIONING_PROFILE_SPECIFIER = "";
				SWIFT_VERSION = 4.0;
				TEST_HOST = "$(BUILT_PRODUCTS_DIR)/Example.app/Example";
			};
			name = Debug;
		};
		4EF2AD3B1F2E51C300666035 /* Release */ = {
			isa = XCBuildConfiguration;
			buildSettings = {
				DEVELOPMENT_TEAM = "";
				FRAMEWORK_SEARCH_PATHS = (
					"$(inherited)",
					"$(PROJECT_DIR)/Pods/EarlGrey/EarlGrey",
				);
				INFOPLIST_FILE = Tests/Info.plist;
				LD_RUNPATH_SEARCH_PATHS = "$(inherited) @executable_path/Frameworks @loader_path/Frameworks";
				PRODUCT_BUNDLE_IDENTIFIER = com.mateusz.szklarek.SliderControllerTests;
				PRODUCT_NAME = "$(TARGET_NAME)";
				PROVISIONING_PROFILE_SPECIFIER = "";
				SWIFT_VERSION = 4.0;
				TEST_HOST = "$(BUILT_PRODUCTS_DIR)/Example.app/Example";
			};
			name = Release;
		};
/* End XCBuildConfiguration section */

/* Begin XCConfigurationList section */
		4E3967681F2E57E800FA3B40 /* Build configuration list for PBXNativeTarget "Example" */ = {
			isa = XCConfigurationList;
			buildConfigurations = (
				4E3967661F2E57E800FA3B40 /* Debug */,
				4E3967671F2E57E800FA3B40 /* Release */,
			);
			defaultConfigurationIsVisible = 0;
			defaultConfigurationName = Release;
		};
		4EF2AD1C1F2E51C300666035 /* Build configuration list for PBXProject "SliderController" */ = {
			isa = XCConfigurationList;
			buildConfigurations = (
				4EF2AD341F2E51C300666035 /* Debug */,
				4EF2AD351F2E51C300666035 /* Release */,
			);
			defaultConfigurationIsVisible = 0;
			defaultConfigurationName = Release;
		};
		4EF2AD361F2E51C300666035 /* Build configuration list for PBXNativeTarget "SliderController" */ = {
			isa = XCConfigurationList;
			buildConfigurations = (
				4EF2AD371F2E51C300666035 /* Debug */,
				4EF2AD381F2E51C300666035 /* Release */,
			);
			defaultConfigurationIsVisible = 0;
			defaultConfigurationName = Release;
		};
		4EF2AD391F2E51C300666035 /* Build configuration list for PBXNativeTarget "SliderControllerTests" */ = {
			isa = XCConfigurationList;
			buildConfigurations = (
				4EF2AD3A1F2E51C300666035 /* Debug */,
				4EF2AD3B1F2E51C300666035 /* Release */,
			);
			defaultConfigurationIsVisible = 0;
			defaultConfigurationName = Release;
		};
/* End XCConfigurationList section */
	};
	rootObject = 4EF2AD191F2E51C300666035 /* Project object */;
}
